
Microsoft Visual Studio Solution File, Format Version 12.00
# Visual Studio 2013
VisualStudioVersion = 12.0.31101.0
MinimumVisualStudioVersion = 10.0.40219.1
Project("{FAE04EC0-301F-11D3-BF4B-00C04F79EFBC}") = "BIS", "BIS\BIS.csproj", "{82DA126F-D737-45A2-A0FC-E2F62CFE283F}"
EndProject
Project("{FAE04EC0-301F-11D3-BF4B-00C04F79EFBC}") = "GUI", "GUI\GUI.csproj", "{1EB6647D-1D89-4816-BC47-34113D035CA1}"
EndProject
Project("{FAE04EC0-301F-11D3-BF4B-00C04F79EFBC}") = "Email", "Email\Email.csproj", "{B90F686A-C5C1-4D0E-A2DC-37521E1C9F39}"
EndProject
Global
	GlobalSection(SolutionConfigurationPlatforms) = preSolution
		Debug|Any CPU = Debug|Any CPU
		Debug|Mixed Platforms = Debug|Mixed Platforms
		Debug|x86 = Debug|x86
		Release|Any CPU = Release|Any CPU
		Release|Mixed Platforms = Release|Mixed Platforms
		Release|x86 = Release|x86
	EndGlobalSection
	GlobalSection(ProjectConfigurationPlatforms) = postSolution
		{82DA126F-D737-45A2-A0FC-E2F62CFE283F}.Debug|Any CPU.ActiveCfg = Debug|Any CPU
		{82DA126F-D737-45A2-A0FC-E2F62CFE283F}.Debug|Any CPU.Build.0 = Debug|Any CPU
		{82DA126F-D737-45A2-A0FC-E2F62CFE283F}.Debug|Mixed Platforms.ActiveCfg = Debug|Any CPU
		{82DA126F-D737-45A2-A0FC-E2F62CFE283F}.Debug|Mixed Platforms.Build.0 = Debug|Any CPU
		{82DA126F-D737-45A2-A0FC-E2F62CFE283F}.Debug|x86.ActiveCfg = Debug|Any CPU
		{82DA126F-D737-45A2-A0FC-E2F62CFE283F}.Release|Any CPU.ActiveCfg = Release|Any CPU
		{82DA126F-D737-45A2-A0FC-E2F62CFE283F}.Release|Any CPU.Build.0 = Release|Any CPU
		{82DA126F-D737-45A2-A0FC-E2F62CFE283F}.Release|Mixed Platforms.ActiveCfg = Debug|Any CPU
		{82DA126F-D737-45A2-A0FC-E2F62CFE283F}.Release|Mixed Platforms.Build.0 = Debug|Any CPU
		{82DA126F-D737-45A2-A0FC-E2F62CFE283F}.Release|x86.ActiveCfg = Release|Any CPU
		{1EB6647D-1D89-4816-BC47-34113D035CA1}.Debug|Any CPU.ActiveCfg = Debug|Any CPU
		{1EB6647D-1D89-4816-BC47-34113D035CA1}.Debug|Any CPU.Build.0 = Debug|Any CPU
		{1EB6647D-1D89-4816-BC47-34113D035CA1}.Debug|Mixed Platforms.ActiveCfg = Debug|Any CPU
		{1EB6647D-1D89-4816-BC47-34113D035CA1}.Debug|Mixed Platforms.Build.0 = Debug|Any CPU
		{1EB6647D-1D89-4816-BC47-34113D035CA1}.Debug|x86.ActiveCfg = Debug|x86
		{1EB6647D-1D89-4816-BC47-34113D035CA1}.Debug|x86.Build.0 = Debug|x86
		{1EB6647D-1D89-4816-BC47-34113D035CA1}.Release|Any CPU.ActiveCfg = Release|Any CPU
		{1EB6647D-1D89-4816-BC47-34113D035CA1}.Release|Any CPU.Build.0 = Release|Any CPU
		{1EB6647D-1D89-4816-BC47-34113D035CA1}.Release|Mixed Platforms.ActiveCfg = Debug|Any CPU
		{1EB6647D-1D89-4816-BC47-34113D035CA1}.Release|Mixed Platforms.Build.0 = Debug|Any CPU
		{1EB6647D-1D89-4816-BC47-34113D035CA1}.Release|x86.ActiveCfg = Release|x86
		{1EB6647D-1D89-4816-BC47-34113D035CA1}.Release|x86.Build.0 = Release|x86
		{B90F686A-C5C1-4D0E-A2DC-37521E1C9F39}.Debug|Any CPU.ActiveCfg = Debug|Any CPU
		{B90F686A-C5C1-4D0E-A2DC-37521E1C9F39}.Debug|Any CPU.Build.0 = Debug|Any CPU
		{B90F686A-C5C1-4D0E-A2DC-37521E1C9F39}.Debug|Mixed Platforms.ActiveCfg = Debug|Any CPU
		{B90F686A-C5C1-4D0E-A2DC-37521E1C9F39}.Debug|Mixed Platforms.Build.0 = Debug|Any CPU
		{B90F686A-C5C1-4D0E-A2DC-37521E1C9F39}.Debug|x86.ActiveCfg = Debug|x86
		{B90F686A-C5C1-4D0E-A2DC-37521E1C9F39}.Debug|x86.Build.0 = Debug|x86
		{B90F686A-C5C1-4D0E-A2DC-37521E1C9F39}.Release|Any CPU.ActiveCfg = Release|Any CPU
		{B90F686A-C5C1-4D0E-A2DC-37521E1C9F39}.Release|Any CPU.Build.0 = Release|Any CPU
		{B90F686A-C5C1-4D0E-A2DC-37521E1C9F39}.Release|Mixed Platforms.ActiveCfg = Debug|Any CPU
		{B90F686A-C5C1-4D0E-A2DC-37521E1C9F39}.Release|Mixed Platforms.Build.0 = Debug|Any CPU
		{B90F686A-C5C1-4D0E-A2DC-37521E1C9F39}.Release|x86.ActiveCfg = Release|x86
		{B90F686A-C5C1-4D0E-A2DC-37521E1C9F39}.Release|x86.Build.0 = Release|x86
	EndGlobalSection
	GlobalSection(SolutionProperties) = preSolution
		HideSolutionNode = FALSE
	EndGlobalSection
EndGlobal
